# @generated by Move, please check-in and do not edit manually.

[move]
version = 3
manifest_digest = "2B0DAEC472BB84424AFA8CDE3F788DA2DA5FC3996BF0502B62EC85A7C746BAF6"
deps_digest = "060AD7E57DFB13104F21BE5F5C3759D03F0553FC3229247D9A7A6B45F50D03A3"
dependencies = [
  { id = "Sui", name = "Sui" },
  { id = "cro", name = "cro" },
  { id = "points", name = "points" },
]

[[move.package]]
id = "MoveStdlib"
source = { git = "https://github.com/MystenLabs/sui.git", rev = "mainnet-v1.35.1", subdir = "crates\\sui-framework\\packages\\move-stdlib" }

[[move.package]]
id = "Sui"
source = { git = "https://github.com/MystenLabs/sui.git", rev = "mainnet-v1.35.1", subdir = "crates/sui-framework/packages/sui-framework" }

dependencies = [
  { id = "MoveStdlib", name = "MoveStdlib" },
]

[[move.package]]
id = "cro"
source = { local = "..\\cro" }

dependencies = [
  { id = "Sui", name = "Sui" },
]

[[move.package]]
id = "points"
source = { local = "..\\points" }

dependencies = [
  { id = "Sui", name = "Sui" },
]

[move.toolchain-version]
compiler-version = "1.46.3"
edition = "2024.beta"
flavor = "sui"
