# @generated by Move, please check-in and do not edit manually.

[move]
version = 3
manifest_digest = "42060AE38C30BA73E456D75AC98BBD021839206847A977B74E0242EB1B4637B2"
deps_digest = "F8BBB0CCB2491CA29A3DF03D6F92277A4F3574266507ACD77214D37ECA3F3082"
dependencies = [
  { id = "Sui", name = "Sui" },
]

[[move.package]]
id = "MoveStdlib"
source = { git = "https://github.com/MystenLabs/sui.git", rev = "testnet", subdir = "crates/sui-framework/packages/move-stdlib" }

[[move.package]]
id = "Sui"
source = { git = "https://github.com/MystenLabs/sui.git", rev = "testnet", subdir = "crates/sui-framework/packages/sui-framework" }

dependencies = [
  { id = "MoveStdlib", name = "MoveStdlib" },
]

[move.toolchain-version]
compiler-version = "1.47.0"
edition = "2024"
flavor = "sui"

[env]

[env.testnet]
chain-id = "4c78adac"
original-published-id = "0xcbc842eb9ab052ca43a54d8576ba0b5225f761312a2ef0b828720e46b366b08c"
latest-published-id = "0xcbc842eb9ab052ca43a54d8576ba0b5225f761312a2ef0b828720e46b366b08c"
published-version = "1"
