# @generated by Move, please check-in and do not edit manually.

[move]
version = 3
manifest_digest = "12E9AEFAA7AD0A8420478128B3067979F0A926E7A7A8D656144AA0E0A7190E67"
deps_digest = "F8BBB0CCB2491CA29A3DF03D6F92277A4F3574266507ACD77214D37ECA3F3082"
dependencies = [
  { id = "Sui", name = "Sui" },
]

[[move.package]]
id = "MoveStdlib"
source = { git = "https://github.com/MystenLabs/sui.git", rev = "framework/testnet", subdir = "crates/sui-framework/packages/move-stdlib" }

[[move.package]]
id = "Sui"
source = { git = "https://github.com/MystenLabs/sui.git", rev = "framework/testnet", subdir = "crates/sui-framework/packages/sui-framework" }

dependencies = [
  { id = "MoveStdlib", name = "MoveStdlib" },
]

[move.toolchain-version]
compiler-version = "1.47.0"
edition = "2024"
flavor = "sui"

[env]

[env.local]
chain-id = "1d1c141c"
original-published-id = "0xb046d8a64737b0f25effe4e0239976c7d00414bf868b233de6bcc54f2d470e24"
latest-published-id = "0xb046d8a64737b0f25effe4e0239976c7d00414bf868b233de6bcc54f2d470e24"
published-version = "1"

[env.testnet]
chain-id = "4c78adac"
original-published-id = "0xa47599a6525da242f712bec2601dceab88f4785c6f549bb412eee30f15ed623d"
latest-published-id = "0xa47599a6525da242f712bec2601dceab88f4785c6f549bb412eee30f15ed623d"
published-version = "1"
