# @generated by Move, please check-in and do not edit manually.

[move]
version = 3
manifest_digest = "8894AE0FD41F39C9A4CAF2EB94C89A11CA2C4C15F50455B8A6AD59626E4CDCBC"
deps_digest = "F8BBB0CCB2491CA29A3DF03D6F92277A4F3574266507ACD77214D37ECA3F3082"
dependencies = [
  { id = "Sui", name = "Sui" },
]

[[move.package]]
id = "MoveStdlib"
source = { git = "https://github.com/MystenLabs/sui.git", rev = "mainnet-v1.35.1", subdir = "crates\\sui-framework\\packages\\move-stdlib" }

[[move.package]]
id = "Sui"
source = { git = "https://github.com/MystenLabs/sui.git", rev = "mainnet-v1.35.1", subdir = "crates/sui-framework/packages/sui-framework" }

dependencies = [
  { id = "MoveStdlib", name = "MoveStdlib" },
]

[move.toolchain-version]
compiler-version = "1.44.3"
edition = "2024.beta"
flavor = "sui"

[env]

[env.testnet]
chain-id = "4c78adac"
original-published-id = "0x6d8f97fd89ed5807190e002e7af65cae38d9d6880e6955ed26465978bf4c8ad5"
latest-published-id = "0x6d8f97fd89ed5807190e002e7af65cae38d9d6880e6955ed26465978bf4c8ad5"
published-version = "1"

[env.mainnet]
chain-id = "35834a8a"
original-published-id = "0x0d801d9150facf2e763df8fc674a96253ea785adbae1c86deb03c98444bf4ef4"
latest-published-id = "0x0d801d9150facf2e763df8fc674a96253ea785adbae1c86deb03c98444bf4ef4"
published-version = "1"
