# @generated by Move, please check-in and do not edit manually.

[move]
version = 3
manifest_digest = "5AA6C6932B1C178F11C289FA18D6022899BCC572D198A9D5C80677D87B384BA5"
deps_digest = "F8BBB0CCB2491CA29A3DF03D6F92277A4F3574266507ACD77214D37ECA3F3082"
dependencies = [
  { id = "Sui", name = "Sui" },
]

[[move.package]]
id = "MoveStdlib"
source = { git = "https://github.com/MystenLabs/sui.git", rev = "mainnet-v1.35.1", subdir = "crates\\sui-framework\\packages\\move-stdlib" }

[[move.package]]
id = "Sui"
source = { git = "https://github.com/MystenLabs/sui.git", rev = "mainnet-v1.35.1", subdir = "crates/sui-framework/packages/sui-framework" }

dependencies = [
  { id = "MoveStdlib", name = "MoveStdlib" },
]

[move.toolchain-version]
compiler-version = "1.44.3"
edition = "2024.beta"
flavor = "sui"

[env]

[env.testnet]
chain-id = "4c78adac"
original-published-id = "0x88cf5791e33af8d79fed8d48a47a538ba5375a7e60e9210db5bf4c0bf44ff0b9"
latest-published-id = "0x88cf5791e33af8d79fed8d48a47a538ba5375a7e60e9210db5bf4c0bf44ff0b9"
published-version = "1"

[env.mainnet]
chain-id = "35834a8a"
original-published-id = "0xc892551155735e7b7aa7ab4b9dc45908e985f0723289cb63277ea1ccaabb8fea"
latest-published-id = "0xc892551155735e7b7aa7ab4b9dc45908e985f0723289cb63277ea1ccaabb8fea"
published-version = "1"
