# @generated by Move, please check-in and do not edit manually.

[move]
version = 3
manifest_digest = "5D69E9F757C30A840A3E0A264EF9598117605203218532CCB2C37F5FBE775E2B"
deps_digest = "060AD7E57DFB13104F21BE5F5C3759D03F0553FC3229247D9A7A6B45F50D03A3"
dependencies = [
  { id = "Sui", name = "Sui" },
  { id = "hashcat_coin", name = "hashcat_coin" },
  { id = "hashcat_fund", name = "hashcat_fund" },
]

[[move.package]]
id = "MoveStdlib"
source = { git = "https://github.com/MystenLabs/sui.git", rev = "testnet", subdir = "crates/sui-framework/packages/move-stdlib" }

[[move.package]]
id = "Sui"
source = { git = "https://github.com/MystenLabs/sui.git", rev = "testnet", subdir = "crates/sui-framework/packages/sui-framework" }

dependencies = [
  { id = "MoveStdlib", name = "MoveStdlib" },
]

[[move.package]]
id = "hashcat_coin"
source = { local = "../coin" }

dependencies = [
  { id = "Sui", name = "Sui" },
]

[[move.package]]
id = "hashcat_fund"
source = { local = "../fund" }

dependencies = [
  { id = "Sui", name = "Sui" },
  { id = "hashcat_coin", name = "hashcat_coin" },
]

[move.toolchain-version]
compiler-version = "1.47.0"
edition = "2024"
flavor = "sui"

[env]

[env.testnet]
chain-id = "4c78adac"
original-published-id = "0xb979d81fbfcdfcbb4d00b530209fcb180dcf7b4ecdbdd9926c1a9bef4bda9904"
latest-published-id = "0xb979d81fbfcdfcbb4d00b530209fcb180dcf7b4ecdbdd9926c1a9bef4bda9904"
published-version = "1"
