# @generated by Move, please check-in and do not edit manually.

[move]
version = 3
manifest_digest = "ED9E4F3BD270E6B6ACF9C0B990F35768B549FDE0E7862264D2C25AB8BFF6DB08"
deps_digest = "F8BBB0CCB2491CA29A3DF03D6F92277A4F3574266507ACD77214D37ECA3F3082"
dependencies = [
  { id = "Sui", name = "Sui" },
]

[[move.package]]
id = "MoveStdlib"
source = { git = "https://github.com/MystenLabs/sui.git", rev = "framework/testnet", subdir = "crates\\sui-framework\\packages\\move-stdlib" }

[[move.package]]
id = "Sui"
source = { git = "https://github.com/MystenLabs/sui.git", rev = "framework/testnet", subdir = "crates/sui-framework/packages/sui-framework" }

dependencies = [
  { id = "MoveStdlib", name = "MoveStdlib" },
]

[move.toolchain-version]
compiler-version = "1.47.1"
edition = "2024.beta"
flavor = "sui"

[env]

[env.suiscan-testnet]
chain-id = "4c78adac"
original-published-id = "0x3bc8a12f93f9513d1041b362a32f47310ee5249f3c2a6eac4efa0b07778fbcc6"
latest-published-id = "0x3bc8a12f93f9513d1041b362a32f47310ee5249f3c2a6eac4efa0b07778fbcc6"
published-version = "1"
